
Microsoft Visual Studio Solution File, Format Version 12.00
# Visual Studio Version 16
VisualStudioVersion = 16.0.30406.217
MinimumVisualStudioVersion = 10.0.40219.1
Project("{FAE04EC0-301F-11D3-BF4B-00C04F79EFBC}") = "SearchFight", "SearchFight\SearchFight.csproj", "{D0AEC7F9-381E-4E21-B3B5-B546A936D9D2}"
EndProject
Global
	GlobalSection(SolutionConfigurationPlatforms) = preSolution
		Debug|Any CPU = Debug|Any CPU
		Release|Any CPU = Release|Any CPU
	EndGlobalSection
	GlobalSection(ProjectConfigurationPlatforms) = postSolution
		{D0AEC7F9-381E-4E21-B3B5-B546A936D9D2}.Debug|Any CPU.ActiveCfg = Debug|Any CPU
		{D0AEC7F9-381E-4E21-B3B5-B546A936D9D2}.Debug|Any CPU.Build.0 = Debug|Any CPU
		{D0AEC7F9-381E-4E21-B3B5-B546A936D9D2}.Release|Any CPU.ActiveCfg = Release|Any CPU
		{D0AEC7F9-381E-4E21-B3B5-B546A936D9D2}.Release|Any CPU.Build.0 = Release|Any CPU
	EndGlobalSection
	GlobalSection(SolutionProperties) = preSolution
		HideSolutionNode = FALSE
	EndGlobalSection
	GlobalSection(ExtensibilityGlobals) = postSolution
		SolutionGuid = {2A1F1BFD-1B09-4424-96ED-217C0024AAC3}
	EndGlobalSection
EndGlobal
